
Microsoft Visual Studio Solution File, Format Version 12.00
# Visual Studio Version 17
VisualStudioVersion = 17.1.32328.378
MinimumVisualStudioVersion = 10.0.40219.1
Project("{FAE04EC0-301F-11D3-BF4B-00C04F79EFBC}") = "WebApplication7.2", "WebApplication7.2\WebApplication7.2.csproj", "{D8DA54BC-58C2-43E3-8B09-F373B65098D0}"
EndProject
Project("{FAE04EC0-301F-11D3-BF4B-00C04F79EFBC}") = "WebApplication7.2.Tests", "WebApplication7.2.Tests\WebApplication7.2.Tests.csproj", "{46D7645C-C2E1-46F2-AD44-0876204BA9D8}"
EndProject
Global
	GlobalSection(SolutionConfigurationPlatforms) = preSolution
		Debug|Any CPU = Debug|Any CPU
		Release|Any CPU = Release|Any CPU
	EndGlobalSection
	GlobalSection(ProjectConfigurationPlatforms) = postSolution
		{D8DA54BC-58C2-43E3-8B09-F373B65098D0}.Debug|Any CPU.ActiveCfg = Debug|Any CPU
		{D8DA54BC-58C2-43E3-8B09-F373B65098D0}.Debug|Any CPU.Build.0 = Debug|Any CPU
		{D8DA54BC-58C2-43E3-8B09-F373B65098D0}.Release|Any CPU.ActiveCfg = Release|Any CPU
		{D8DA54BC-58C2-43E3-8B09-F373B65098D0}.Release|Any CPU.Build.0 = Release|Any CPU
		{46D7645C-C2E1-46F2-AD44-0876204BA9D8}.Debug|Any CPU.ActiveCfg = Debug|Any CPU
		{46D7645C-C2E1-46F2-AD44-0876204BA9D8}.Debug|Any CPU.Build.0 = Debug|Any CPU
		{46D7645C-C2E1-46F2-AD44-0876204BA9D8}.Release|Any CPU.ActiveCfg = Release|Any CPU
		{46D7645C-C2E1-46F2-AD44-0876204BA9D8}.Release|Any CPU.Build.0 = Release|Any CPU
	EndGlobalSection
	GlobalSection(SolutionProperties) = preSolution
		HideSolutionNode = FALSE
	EndGlobalSection
	GlobalSection(ExtensibilityGlobals) = postSolution
		SolutionGuid = {6B7296B3-7E19-45DD-A4D8-1A8878B895D8}
	EndGlobalSection
EndGlobal
